
Microsoft Visual Studio Solution File, Format Version 12.00
# Visual Studio Version 16
VisualStudioVersion = 16.0.30503.244
MinimumVisualStudioVersion = 10.0.40219.1
Project("{FAE04EC0-301F-11D3-BF4B-00C04F79EFBC}") = "addressbook_tests_white", "addressbook_tests_white\addressbook_tests_white.csproj", "{7303C1B8-6766-4ABA-917C-C2B87F2F195B}"
EndProject
Global
	GlobalSection(SolutionConfigurationPlatforms) = preSolution
		Debug|Any CPU = Debug|Any CPU
		Release|Any CPU = Release|Any CPU
	EndGlobalSection
	GlobalSection(ProjectConfigurationPlatforms) = postSolution
		{7303C1B8-6766-4ABA-917C-C2B87F2F195B}.Debug|Any CPU.ActiveCfg = Debug|Any CPU
		{7303C1B8-6766-4ABA-917C-C2B87F2F195B}.Debug|Any CPU.Build.0 = Debug|Any CPU
		{7303C1B8-6766-4ABA-917C-C2B87F2F195B}.Release|Any CPU.ActiveCfg = Release|Any CPU
		{7303C1B8-6766-4ABA-917C-C2B87F2F195B}.Release|Any CPU.Build.0 = Release|Any CPU
	EndGlobalSection
	GlobalSection(SolutionProperties) = preSolution
		HideSolutionNode = FALSE
	EndGlobalSection
	GlobalSection(ExtensibilityGlobals) = postSolution
		SolutionGuid = {60241DCD-4954-47C5-9F61-A4BAE9CCD24F}
	EndGlobalSection
EndGlobal
